
Microsoft Visual Studio Solution File, Format Version 12.00
# Visual Studio Version 16
VisualStudioVersion = 16.0.31829.152
MinimumVisualStudioVersion = 10.0.40219.1
Project("{9A19103F-16F7-4668-BE54-9A1E7A4F7556}") = "SubstringSearchAlgorithms", "SubstringSearchAlgorithms.csproj", "{2A19B9DA-7D1B-4009-AF7F-1FCDEB89992C}"
EndProject
Project("{9A19103F-16F7-4668-BE54-9A1E7A4F7556}") = "TestProject", "..\TestProject\TestProject.csproj", "{F31E5063-429B-45EF-A74D-5A76CB8C7C8D}"
EndProject
Project("{FAE04EC0-301F-11D3-BF4B-00C04F79EFBC}") = "ConsoleApp", "..\ConsoleApp\ConsoleApp.csproj", "{289824A3-B4A2-4818-8248-F7558DF91532}"
EndProject
Global
	GlobalSection(SolutionConfigurationPlatforms) = preSolution
		Debug|Any CPU = Debug|Any CPU
		Release|Any CPU = Release|Any CPU
	EndGlobalSection
	GlobalSection(ProjectConfigurationPlatforms) = postSolution
		{2A19B9DA-7D1B-4009-AF7F-1FCDEB89992C}.Debug|Any CPU.ActiveCfg = Debug|Any CPU
		{2A19B9DA-7D1B-4009-AF7F-1FCDEB89992C}.Debug|Any CPU.Build.0 = Debug|Any CPU
		{2A19B9DA-7D1B-4009-AF7F-1FCDEB89992C}.Release|Any CPU.ActiveCfg = Release|Any CPU
		{2A19B9DA-7D1B-4009-AF7F-1FCDEB89992C}.Release|Any CPU.Build.0 = Release|Any CPU
		{F31E5063-429B-45EF-A74D-5A76CB8C7C8D}.Debug|Any CPU.ActiveCfg = Debug|Any CPU
		{F31E5063-429B-45EF-A74D-5A76CB8C7C8D}.Debug|Any CPU.Build.0 = Debug|Any CPU
		{F31E5063-429B-45EF-A74D-5A76CB8C7C8D}.Release|Any CPU.ActiveCfg = Release|Any CPU
		{F31E5063-429B-45EF-A74D-5A76CB8C7C8D}.Release|Any CPU.Build.0 = Release|Any CPU
		{289824A3-B4A2-4818-8248-F7558DF91532}.Debug|Any CPU.ActiveCfg = Debug|Any CPU
		{289824A3-B4A2-4818-8248-F7558DF91532}.Debug|Any CPU.Build.0 = Debug|Any CPU
		{289824A3-B4A2-4818-8248-F7558DF91532}.Release|Any CPU.ActiveCfg = Release|Any CPU
		{289824A3-B4A2-4818-8248-F7558DF91532}.Release|Any CPU.Build.0 = Release|Any CPU
	EndGlobalSection
	GlobalSection(SolutionProperties) = preSolution
		HideSolutionNode = FALSE
	EndGlobalSection
	GlobalSection(ExtensibilityGlobals) = postSolution
		SolutionGuid = {BF04C7AB-2A05-4F07-814F-031301C3131F}
	EndGlobalSection
EndGlobal
